{
  "requires": true,
  "lockfileVersion": 1,
  "dependencies": {
    "curtainjs": {
      "version": "1.0.2",
      "resolved": "https://registry.npmjs.org/curtainjs/-/curtainjs-1.0.2.tgz",
      "integrity": "sha1-bAaIDH9AgtLvB9L+HPdRZEabYEc="
    },
    "curtainsjs": {
      "version": "8.1.2",
      "type" : "module",
      "resolved": "https://registry.npmjs.org/curtainsjs/-/curtainsjs-8.1.2.tgz",
      "integrity": "sha512-JQTBmYCc5uqJ3eHRru32cw9y5tYqwvRofhQB4af6Ic0ENegrUhRh/ENNg130MTMoeIS+fumTxRYIsmv5FEgv0Q=="
    },
    "three": {
      "version": "0.126.1",
      "resolved": "https://registry.npmjs.org/three/-/three-0.126.1.tgz",
      "integrity": "sha512-eOEXnZeE1FDV0XgL1u08auIP13jxdN9LQBAEmlErYzMxtIIfuGIAZbijOyookALUhqVzVOx0Tywj6n192VM+nQ=="
    }
  }
}
